
Microsoft Visual Studio Solution File, Format Version 12.00
# Visual Studio Version 17
VisualStudioVersion = 17.7.34024.191
MinimumVisualStudioVersion = 10.0.40219.1
Project("{FAE04EC0-301F-11D3-BF4B-00C04F79EFBC}") = "Examen1SO", "Examen1SO.csproj", "{70B7239B-1A08-45F1-A577-47119C1ED032}"
EndProject
Global
	GlobalSection(SolutionConfigurationPlatforms) = preSolution
		Debug|Any CPU = Debug|Any CPU
		Release|Any CPU = Release|Any CPU
	EndGlobalSection
	GlobalSection(ProjectConfigurationPlatforms) = postSolution
		{70B7239B-1A08-45F1-A577-47119C1ED032}.Debug|Any CPU.ActiveCfg = Debug|Any CPU
		{70B7239B-1A08-45F1-A577-47119C1ED032}.Debug|Any CPU.Build.0 = Debug|Any CPU
		{70B7239B-1A08-45F1-A577-47119C1ED032}.Release|Any CPU.ActiveCfg = Release|Any CPU
		{70B7239B-1A08-45F1-A577-47119C1ED032}.Release|Any CPU.Build.0 = Release|Any CPU
	EndGlobalSection
	GlobalSection(SolutionProperties) = preSolution
		HideSolutionNode = FALSE
	EndGlobalSection
	GlobalSection(ExtensibilityGlobals) = postSolution
		SolutionGuid = {EFA2BF1B-6BF0-4D71-BCB0-B00D5C7F4EEE}
	EndGlobalSection
EndGlobal
